// !$*UTF8*$!
{
	archiveVersion = 1;
	classes = {
	};
	objectVersion = 50;
	objects = {

/* Begin PBXBuildFile section */
		FE0451E722FC5A7E00269696 /* AppDelegate.swift in Sources */ = {isa = PBXBuildFile; fileRef = FE0451E622FC5A7E00269696 /* AppDelegate.swift */; };
		FE0451E922FC5A7E00269696 /* ViewController.swift in Sources */ = {isa = PBXBuildFile; fileRef = FE0451E822FC5A7E00269696 /* ViewController.swift */; };
		FE0451EC22FC5A7E00269696 /* Main.storyboard in Resources */ = {isa = PBXBuildFile; fileRef = FE0451EA22FC5A7E00269696 /* Main.storyboard */; };
		FE0451EE22FC5A7E00269696 /* Assets.xcassets in Resources */ = {isa = PBXBuildFile; fileRef = FE0451ED22FC5A7E00269696 /* Assets.xcassets */; };
		FE0451F122FC5A7E00269696 /* LaunchScreen.storyboard in Resources */ = {isa = PBXBuildFile; fileRef = FE0451EF22FC5A7E00269696 /* LaunchScreen.storyboard */; };
		FE0451F922FC5D7F00269696 /* MovieTableViewCell.swift in Sources */ = {isa = PBXBuildFile; fileRef = FE0451F822FC5D7F00269696 /* MovieTableViewCell.swift */; };
		FE0451FB22FC5E7200269696 /* AllMoviesTableViewController.swift in Sources */ = {isa = PBXBuildFile; fileRef = FE0451FA22FC5E7200269696 /* AllMoviesTableViewController.swift */; };
		FE0451FD22FC5FB500269696 /* MovieDetailViewController.swift in Sources */ = {isa = PBXBuildFile; fileRef = FE0451FC22FC5FB500269696 /* MovieDetailViewController.swift */; };
/* End PBXBuildFile section */

/* Begin PBXFileReference section */
		FE0451E322FC5A7E00269696 /* FIT5140-Week02-Lecture.app */ = {isa = PBXFileReference; explicitFileType = wrapper.application; includeInIndex = 0; path = "FIT5140-Week02-Lecture.app"; sourceTree = BUILT_PRODUCTS_DIR; };
		FE0451E622FC5A7E00269696 /* AppDelegate.swift */ = {isa = PBXFileReference; lastKnownFileType = sourcecode.swift; path = AppDelegate.swift; sourceTree = "<group>"; };
		FE0451E822FC5A7E00269696 /* ViewController.swift */ = {isa = PBXFileReference; lastKnownFileType = sourcecode.swift; path = ViewController.swift; sourceTree = "<group>"; };
		FE0451EB22FC5A7E00269696 /* Base */ = {isa = PBXFileReference; lastKnownFileType = file.storyboard; name = Base; path = Base.lproj/Main.storyboard; sourceTree = "<group>"; };
		FE0451ED22FC5A7E00269696 /* Assets.xcassets */ = {isa = PBXFileReference; lastKnownFileType = folder.assetcatalog; path = Assets.xcassets; sourceTree = "<group>"; };
		FE0451F022FC5A7E00269696 /* Base */ = {isa = PBXFileReference; lastKnownFileType = file.storyboard; name = Base; path = Base.lproj/LaunchScreen.storyboard; sourceTree = "<group>"; };
		FE0451F222FC5A7E00269696 /* Info.plist */ = {isa = PBXFileReference; lastKnownFileType = text.plist.xml; path = Info.plist; sourceTree = "<group>"; };
		FE0451F822FC5D7F00269696 /* MovieTableViewCell.swift */ = {isa = PBXFileReference; lastKnownFileType = sourcecode.swift; path = MovieTableViewCell.swift; sourceTree = "<group>"; };
		FE0451FA22FC5E7200269696 /* AllMoviesTableViewController.swift */ = {isa = PBXFileReference; lastKnownFileType = sourcecode.swift; path = AllMoviesTableViewController.swift; sourceTree = "<group>"; };
		FE0451FC22FC5FB500269696 /* MovieDetailViewController.swift */ = {isa = PBXFileReference; lastKnownFileType = sourcecode.swift; path = MovieDetailViewController.swift; sourceTree = "<group>"; };
/* End PBXFileReference section */

/* Begin PBXFrameworksBuildPhase section */
		FE0451E022FC5A7E00269696 /* Frameworks */ = {
			isa = PBXFrameworksBuildPhase;
			buildActionMask = 2147483647;
			files = (
			);
			runOnlyForDeploymentPostprocessing = 0;
		};
/* End PBXFrameworksBuildPhase section */

/* Begin PBXGroup section */
		FE0451DA22FC5A7E00269696 = {
			isa = PBXGroup;
			children = (
				FE0451E522FC5A7E00269696 /* FIT5140-Week02-Lecture */,
				FE0451E422FC5A7E00269696 /* Products */,
			);
			sourceTree = "<group>";
		};
		FE0451E422FC5A7E00269696 /* Products */ = {
			isa = PBXGroup;
			children = (
				FE0451E322FC5A7E00269696 /* FIT5140-Week02-Lecture.app */,
			);
			name = Products;
			sourceTree = "<group>";
		};
		FE0451E522FC5A7E00269696 /* FIT5140-Week02-Lecture */ = {
			isa = PBXGroup;
			children = (
				FE0451E622FC5A7E00269696 /* AppDelegate.swift */,
				FE0451E822FC5A7E00269696 /* ViewController.swift */,
				FE0451EA22FC5A7E00269696 /* Main.storyboard */,
				FE0451ED22FC5A7E00269696 /* Assets.xcassets */,
				FE0451EF22FC5A7E00269696 /* LaunchScreen.storyboard */,
				FE0451F222FC5A7E00269696 /* Info.plist */,
				FE0451F822FC5D7F00269696 /* MovieTableViewCell.swift */,
				FE0451FA22FC5E7200269696 /* AllMoviesTableViewController.swift */,
				FE0451FC22FC5FB500269696 /* MovieDetailViewController.swift */,
			);
			path = "FIT5140-Week02-Lecture";
			sourceTree = "<group>";
		};
/* End PBXGroup section */

/* Begin PBXNativeTarget section */
		FE0451E222FC5A7E00269696 /* FIT5140-Week02-Lecture */ = {
			isa = PBXNativeTarget;
			buildConfigurationList = FE0451F522FC5A7E00269696 /* Build configuration list for PBXNativeTarget "FIT5140-Week02-Lecture" */;
			buildPhases = (
				FE0451DF22FC5A7E00269696 /* Sources */,
				FE0451E022FC5A7E00269696 /* Frameworks */,
				FE0451E122FC5A7E00269696 /* Resources */,
			);
			buildRules = (
			);
			dependencies = (
			);
			name = "FIT5140-Week02-Lecture";
			productName = "FIT5140-Week02-Lecture";
			productReference = FE0451E322FC5A7E00269696 /* FIT5140-Week02-Lecture.app */;
			productType = "com.apple.product-type.application";
		};
/* End PBXNativeTarget section */

/* Begin PBXProject section */
		FE0451DB22FC5A7E00269696 /* Project object */ = {
			isa = PBXProject;
			attributes = {
				LastSwiftUpdateCheck = 1010;
				LastUpgradeCheck = 1010;
				ORGANIZATIONNAME = "Kang Meng";
				TargetAttributes = {
					FE0451E222FC5A7E00269696 = {
						CreatedOnToolsVersion = 10.1;
					};
				};
			};
			buildConfigurationList = FE0451DE22FC5A7E00269696 /* Build configuration list for PBXProject "FIT5140-Week02-Lecture" */;
			compatibilityVersion = "Xcode 9.3";
			developmentRegion = en;
			hasScannedForEncodings = 0;
			knownRegions = (
				en,
				Base,
			);
			mainGroup = FE0451DA22FC5A7E00269696;
			productRefGroup = FE0451E422FC5A7E00269696 /* Products */;
			projectDirPath = "";
			projectRoot = "";
			targets = (
				FE0451E222FC5A7E00269696 /* FIT5140-Week02-Lecture */,
			);
		};
/* End PBXProject section */

/* Begin PBXResourcesBuildPhase section */
		FE0451E122FC5A7E00269696 /* Resources */ = {
			isa = PBXResourcesBuildPhase;
			buildActionMask = 2147483647;
			files = (
				FE0451F122FC5A7E00269696 /* LaunchScreen.storyboard in Resources */,
				FE0451EE22FC5A7E00269696 /* Assets.xcassets in Resources */,
				FE0451EC22FC5A7E00269696 /* Main.storyboard in Resources */,
			);
			runOnlyForDeploymentPostprocessing = 0;
		};
/* End PBXResourcesBuildPhase section */

/* Begin PBXSourcesBuildPhase section */
		FE0451DF22FC5A7E00269696 /* Sources */ = {
			isa = PBXSourcesBuildPhase;
			buildActionMask = 2147483647;
			files = (
				FE0451FB22FC5E7200269696 /* AllMoviesTableViewController.swift in Sources */,
				FE0451FD22FC5FB500269696 /* MovieDetailViewController.swift in Sources */,
				FE0451E922FC5A7E00269696 /* ViewController.swift in Sources */,
				FE0451E722FC5A7E00269696 /* AppDelegate.swift in Sources */,
				FE0451F922FC5D7F00269696 /* MovieTableViewCell.swift in Sources */,
			);
			runOnlyForDeploymentPostprocessing = 0;
		};
/* End PBXSourcesBuildPhase section */

/* Begin PBXVariantGroup section */
		FE0451EA22FC5A7E00269696 /* Main.storyboard */ = {
			isa = PBXVariantGroup;
			children = (
				FE0451EB22FC5A7E00269696 /* Base */,
			);
			name = Main.storyboard;
			sourceTree = "<group>";
		};
		FE0451EF22FC5A7E00269696 /* LaunchScreen.storyboard */ = {
			isa = PBXVariantGroup;
			children = (
				FE0451F022FC5A7E00269696 /* Base */,
			);
			name = LaunchScreen.storyboard;
			sourceTree = "<group>";
		};
/* End PBXVariantGroup section */

/* Begin XCBuildConfiguration section */
		FE0451F322FC5A7E00269696 /* Debug */ = {
			isa = XCBuildConfiguration;
			buildSettings = {
				ALWAYS_SEARCH_USER_PATHS = NO;
				CLANG_ANALYZER_NONNULL = YES;
				CLANG_ANALYZER_NUMBER_OBJECT_CONVERSION = YES_AGGRESSIVE;
				CLANG_CXX_LANGUAGE_STANDARD = "gnu++14";
				CLANG_CXX_LIBRARY = "libc++";
				CLANG_ENABLE_MODULES = YES;
				CLANG_ENABLE_OBJC_ARC = YES;
				CLANG_ENABLE_OBJC_WEAK = YES;
				CLANG_WARN_BLOCK_CAPTURE_AUTORELEASING = YES;
				CLANG_WARN_BOOL_CONVERSION = YES;
				CLANG_WARN_COMMA = YES;
				CLANG_WARN_CONSTANT_CONVERSION = YES;
				CLANG_WARN_DEPRECATED_OBJC_IMPLEMENTATIONS = YES;
				CLANG_WARN_DIRECT_OBJC_ISA_USAGE = YES_ERROR;
				CLANG_WARN_DOCUMENTATION_COMMENTS = YES;
				CLANG_WARN_EMPTY_BODY = YES;
				CLANG_WARN_ENUM_CONVERSION = YES;
				CLANG_WARN_INFINITE_RECURSION = YES;
				CLANG_WARN_INT_CONVERSION = YES;
				CLANG_WARN_NON_LITERAL_NULL_CONVERSION = YES;
				CLANG_WARN_OBJC_IMPLICIT_RETAIN_SELF = YES;
				CLANG_WARN_OBJC_LITERAL_CONVERSION = YES;
				CLANG_WARN_OBJC_ROOT_CLASS = YES_ERROR;
				CLANG_WARN_RANGE_LOOP_ANALYSIS = YES;
				CLANG_WARN_STRICT_PROTOTYPES = YES;
				CLANG_WARN_SUSPICIOUS_MOVE = YES;
				CLANG_WARN_UNGUARDED_AVAILABILITY = YES_AGGRESSIVE;
				CLANG_WARN_UNREACHABLE_CODE = YES;
				CLANG_WARN__DUPLICATE_METHOD_MATCH = YES;
				CODE_SIGN_IDENTITY = "iPhone Developer";
				COPY_PHASE_STRIP = NO;
				DEBUG_INFORMATION_FORMAT = dwarf;
				ENABLE_STRICT_OBJC_MSGSEND = YES;
				ENABLE_TESTABILITY = YES;
				GCC_C_LANGUAGE_STANDARD = gnu11;
				GCC_DYNAMIC_NO_PIC = NO;
				GCC_NO_COMMON_BLOCKS = YES;
				GCC_OPTIMIZATION_LEVEL = 0;
				GCC_PREPROCESSOR_DEFINITIONS = (
					"DEBUG=1",
					"$(inherited)",
				);
				GCC_WARN_64_TO_32_BIT_CONVERSION = YES;
				GCC_WARN_ABOUT_RETURN_TYPE = YES_ERROR;
				GCC_WARN_UNDECLARED_SELECTOR = YES;
				GCC_WARN_UNINITIALIZED_AUTOS = YES_AGGRESSIVE;
				GCC_WARN_UNUSED_FUNCTION = YES;
				GCC_WARN_UNUSED_VARIABLE = YES;
				IPHONEOS_DEPLOYMENT_TARGET = 12.1;
				MTL_ENABLE_DEBUG_INFO = INCLUDE_SOURCE;
				MTL_FAST_MATH = YES;
				ONLY_ACTIVE_ARCH = YES;
				SDKROOT = iphoneos;
				SWIFT_ACTIVE_COMPILATION_CONDITIONS = DEBUG;
				SWIFT_OPTIMIZATION_LEVEL = "-Onone";
			};
			name = Debug;
		};
		FE0451F422FC5A7E00269696 /* Release */ = {
			isa = XCBuildConfiguration;
			buildSettings = {
				ALWAYS_SEARCH_USER_PATHS = NO;
				CLANG_ANALYZER_NONNULL = YES;
				CLANG_ANALYZER_NUMBER_OBJECT_CONVERSION = YES_AGGRESSIVE;
				CLANG_CXX_LANGUAGE_STANDARD = "gnu++14";
				CLANG_CXX_LIBRARY = "libc++";
				CLANG_ENABLE_MODULES = YES;
				CLANG_ENABLE_OBJC_ARC = YES;
				CLANG_ENABLE_OBJC_WEAK = YES;
				CLANG_WARN_BLOCK_CAPTURE_AUTORELEASING = YES;
				CLANG_WARN_BOOL_CONVERSION = YES;
				CLANG_WARN_COMMA = YES;
				CLANG_WARN_CONSTANT_CONVERSION = YES;
				CLANG_WARN_DEPRECATED_OBJC_IMPLEMENTATIONS = YES;
				CLANG_WARN_DIRECT_OBJC_ISA_USAGE = YES_ERROR;
				CLANG_WARN_DOCUMENTATION_COMMENTS = YES;
				CLANG_WARN_EMPTY_BODY = YES;
				CLANG_WARN_ENUM_CONVERSION = YES;
				CLANG_WARN_INFINITE_RECURSION = YES;
				CLANG_WARN_INT_CONVERSION = YES;
				CLANG_WARN_NON_LITERAL_NULL_CONVERSION = YES;
				CLANG_WARN_OBJC_IMPLICIT_RETAIN_SELF = YES;
				CLANG_WARN_OBJC_LITERAL_CONVERSION = YES;
				CLANG_WARN_OBJC_ROOT_CLASS = YES_ERROR;
				CLANG_WARN_RANGE_LOOP_ANALYSIS = YES;
				CLANG_WARN_STRICT_PROTOTYPES = YES;
				CLANG_WARN_SUSPICIOUS_MOVE = YES;
				CLANG_WARN_UNGUARDED_AVAILABILITY = YES_AGGRESSIVE;
				CLANG_WARN_UNREACHABLE_CODE = YES;
				CLANG_WARN__DUPLICATE_METHOD_MATCH = YES;
				CODE_SIGN_IDENTITY = "iPhone Developer";
				COPY_PHASE_STRIP = NO;
				DEBUG_INFORMATION_FORMAT = "dwarf-with-dsym";
				ENABLE_NS_ASSERTIONS = NO;
				ENABLE_STRICT_OBJC_MSGSEND = YES;
				GCC_C_LANGUAGE_STANDARD = gnu11;
				GCC_NO_COMMON_BLOCKS = YES;
				GCC_WARN_64_TO_32_BIT_CONVERSION = YES;
				GCC_WARN_ABOUT_RETURN_TYPE = YES_ERROR;
				GCC_WARN_UNDECLARED_SELECTOR = YES;
				GCC_WARN_UNINITIALIZED_AUTOS = YES_AGGRESSIVE;
				GCC_WARN_UNUSED_FUNCTION = YES;
				GCC_WARN_UNUSED_VARIABLE = YES;
				IPHONEOS_DEPLOYMENT_TARGET = 12.1;
				MTL_ENABLE_DEBUG_INFO = NO;
				MTL_FAST_MATH = YES;
				SDKROOT = iphoneos;
				SWIFT_COMPILATION_MODE = wholemodule;
				SWIFT_OPTIMIZATION_LEVEL = "-O";
				VALIDATE_PRODUCT = YES;
			};
			name = Release;
		};
		FE0451F622FC5A7E00269696 /* Debug */ = {
			isa = XCBuildConfiguration;
			buildSettings = {
				ASSETCATALOG_COMPILER_APPICON_NAME = AppIcon;
				CODE_SIGN_STYLE = Automatic;
				INFOPLIST_FILE = "FIT5140-Week02-Lecture/Info.plist";
				LD_RUNPATH_SEARCH_PATHS = (
					"$(inherited)",
					"@executable_path/Frameworks",
				);
				PRODUCT_BUNDLE_IDENTIFIER = "Monash.FIT5140-Week02-Lecture";
				PRODUCT_NAME = "$(TARGET_NAME)";
				SWIFT_VERSION = 4.2;
				TARGETED_DEVICE_FAMILY = "1,2";
			};
			name = Debug;
		};
		FE0451F722FC5A7E00269696 /* Release */ = {
			isa = XCBuildConfiguration;
			buildSettings = {
				ASSETCATALOG_COMPILER_APPICON_NAME = AppIcon;
				CODE_SIGN_STYLE = Automatic;
				INFOPLIST_FILE = "FIT5140-Week02-Lecture/Info.plist";
				LD_RUNPATH_SEARCH_PATHS = (
					"$(inherited)",
					"@executable_path/Frameworks",
				);
				PRODUCT_BUNDLE_IDENTIFIER = "Monash.FIT5140-Week02-Lecture";
				PRODUCT_NAME = "$(TARGET_NAME)";
				SWIFT_VERSION = 4.2;
				TARGETED_DEVICE_FAMILY = "1,2";
			};
			name = Release;
		};
/* End XCBuildConfiguration section */

/* Begin XCConfigurationList section */
		FE0451DE22FC5A7E00269696 /* Build configuration list for PBXProject "FIT5140-Week02-Lecture" */ = {
			isa = XCConfigurationList;
			buildConfigurations = (
				FE0451F322FC5A7E00269696 /* Debug */,
				FE0451F422FC5A7E00269696 /* Release */,
			);
			defaultConfigurationIsVisible = 0;
			defaultConfigurationName = Release;
		};
		FE0451F522FC5A7E00269696 /* Build configuration list for PBXNativeTarget "FIT5140-Week02-Lecture" */ = {
			isa = XCConfigurationList;
			buildConfigurations = (
				FE0451F622FC5A7E00269696 /* Debug */,
				FE0451F722FC5A7E00269696 /* Release */,
			);
			defaultConfigurationIsVisible = 0;
			defaultConfigurationName = Release;
		};
/* End XCConfigurationList section */
	};
	rootObject = FE0451DB22FC5A7E00269696 /* Project object */;
}
